// !$*UTF8*$!
{
	archiveVersion = 1;
	classes = {
	};
	objectVersion = 50;
	objects = {

/* Begin PBXBuildFile section */
		3DF1E8C8222E7AE20069F717 /* AppDelegate.swift in Sources */ = {isa = PBXBuildFile; fileRef = 3DF1E8C7222E7AE20069F717 /* AppDelegate.swift */; };
		3DF1E8CA222E7AE20069F717 /* ViewController.swift in Sources */ = {isa = PBXBuildFile; fileRef = 3DF1E8C9222E7AE20069F717 /* ViewController.swift */; };
		3DF1E8CD222E7AE20069F717 /* Main.storyboard in Resources */ = {isa = PBXBuildFile; fileRef = 3DF1E8CB222E7AE20069F717 /* Main.storyboard */; };
		3DF1E8CF222E7AE30069F717 /* Assets.xcassets in Resources */ = {isa = PBXBuildFile; fileRef = 3DF1E8CE222E7AE30069F717 /* Assets.xcassets */; };
		3DF1E8D2222E7AE30069F717 /* LaunchScreen.storyboard in Resources */ = {isa = PBXBuildFile; fileRef = 3DF1E8D0222E7AE30069F717 /* LaunchScreen.storyboard */; };
		3DF1E8DA222E7BBB0069F717 /* ViewControllerB.swift in Sources */ = {isa = PBXBuildFile; fileRef = 3DF1E8D9222E7BBB0069F717 /* ViewControllerB.swift */; };
		3DF1E8DC222E80990069F717 /* ViewControllerC.swift in Sources */ = {isa = PBXBuildFile; fileRef = 3DF1E8DB222E80990069F717 /* ViewControllerC.swift */; };
/* End PBXBuildFile section */

/* Begin PBXFileReference section */
		3DF1E8C4222E7AE20069F717 /* ViewControllerLifeCycle.app */ = {isa = PBXFileReference; explicitFileType = wrapper.application; includeInIndex = 0; path = ViewControllerLifeCycle.app; sourceTree = BUILT_PRODUCTS_DIR; };
		3DF1E8C7222E7AE20069F717 /* AppDelegate.swift */ = {isa = PBXFileReference; lastKnownFileType = sourcecode.swift; path = AppDelegate.swift; sourceTree = "<group>"; };
		3DF1E8C9222E7AE20069F717 /* ViewController.swift */ = {isa = PBXFileReference; lastKnownFileType = sourcecode.swift; path = ViewController.swift; sourceTree = "<group>"; };
		3DF1E8CC222E7AE20069F717 /* Base */ = {isa = PBXFileReference; lastKnownFileType = file.storyboard; name = Base; path = Base.lproj/Main.storyboard; sourceTree = "<group>"; };
		3DF1E8CE222E7AE30069F717 /* Assets.xcassets */ = {isa = PBXFileReference; lastKnownFileType = folder.assetcatalog; path = Assets.xcassets; sourceTree = "<group>"; };
		3DF1E8D1222E7AE30069F717 /* Base */ = {isa = PBXFileReference; lastKnownFileType = file.storyboard; name = Base; path = Base.lproj/LaunchScreen.storyboard; sourceTree = "<group>"; };
		3DF1E8D3222E7AE30069F717 /* Info.plist */ = {isa = PBXFileReference; lastKnownFileType = text.plist.xml; path = Info.plist; sourceTree = "<group>"; };
		3DF1E8D9222E7BBB0069F717 /* ViewControllerB.swift */ = {isa = PBXFileReference; lastKnownFileType = sourcecode.swift; path = ViewControllerB.swift; sourceTree = "<group>"; };
		3DF1E8DB222E80990069F717 /* ViewControllerC.swift */ = {isa = PBXFileReference; lastKnownFileType = sourcecode.swift; path = ViewControllerC.swift; sourceTree = "<group>"; };
/* End PBXFileReference section */

/* Begin PBXFrameworksBuildPhase section */
		3DF1E8C1222E7AE20069F717 /* Frameworks */ = {
			isa = PBXFrameworksBuildPhase;
			buildActionMask = 2147483647;
			files = (
			);
			runOnlyForDeploymentPostprocessing = 0;
		};
/* End PBXFrameworksBuildPhase section */

/* Begin PBXGroup section */
		3DF1E8BB222E7AE20069F717 = {
			isa = PBXGroup;
			children = (
				3DF1E8C6222E7AE20069F717 /* ViewControllerLifeCycle */,
				3DF1E8C5222E7AE20069F717 /* Products */,
			);
			sourceTree = "<group>";
		};
		3DF1E8C5222E7AE20069F717 /* Products */ = {
			isa = PBXGroup;
			children = (
				3DF1E8C4222E7AE20069F717 /* ViewControllerLifeCycle.app */,
			);
			name = Products;
			sourceTree = "<group>";
		};
		3DF1E8C6222E7AE20069F717 /* ViewControllerLifeCycle */ = {
			isa = PBXGroup;
			children = (
				3DF1E8C7222E7AE20069F717 /* AppDelegate.swift */,
				3DF1E8C9222E7AE20069F717 /* ViewController.swift */,
				3DF1E8CB222E7AE20069F717 /* Main.storyboard */,
				3DF1E8CE222E7AE30069F717 /* Assets.xcassets */,
				3DF1E8D0222E7AE30069F717 /* LaunchScreen.storyboard */,
				3DF1E8D3222E7AE30069F717 /* Info.plist */,
				3DF1E8D9222E7BBB0069F717 /* ViewControllerB.swift */,
				3DF1E8DB222E80990069F717 /* ViewControllerC.swift */,
			);
			path = ViewControllerLifeCycle;
			sourceTree = "<group>";
		};
/* End PBXGroup section */

/* Begin PBXNativeTarget section */
		3DF1E8C3222E7AE20069F717 /* ViewControllerLifeCycle */ = {
			isa = PBXNativeTarget;
			buildConfigurationList = 3DF1E8D6222E7AE30069F717 /* Build configuration list for PBXNativeTarget "ViewControllerLifeCycle" */;
			buildPhases = (
				3DF1E8C0222E7AE20069F717 /* Sources */,
				3DF1E8C1222E7AE20069F717 /* Frameworks */,
				3DF1E8C2222E7AE20069F717 /* Resources */,
			);
			buildRules = (
			);
			dependencies = (
			);
			name = ViewControllerLifeCycle;
			productName = ViewControllerLifeCycle;
			productReference = 3DF1E8C4222E7AE20069F717 /* ViewControllerLifeCycle.app */;
			productType = "com.apple.product-type.application";
		};
/* End PBXNativeTarget section */

/* Begin PBXProject section */
		3DF1E8BC222E7AE20069F717 /* Project object */ = {
			isa = PBXProject;
			attributes = {
				LastSwiftUpdateCheck = 1010;
				LastUpgradeCheck = 1010;
				ORGANIZATIONNAME = "Vishal Madheshia";
				TargetAttributes = {
					3DF1E8C3222E7AE20069F717 = {
						CreatedOnToolsVersion = 10.1;
					};
				};
			};
			buildConfigurationList = 3DF1E8BF222E7AE20069F717 /* Build configuration list for PBXProject "ViewControllerLifeCycle" */;
			compatibilityVersion = "Xcode 9.3";
			developmentRegion = en;
			hasScannedForEncodings = 0;
			knownRegions = (
				en,
				Base,
			);
			mainGroup = 3DF1E8BB222E7AE20069F717;
			productRefGroup = 3DF1E8C5222E7AE20069F717 /* Products */;
			projectDirPath = "";
			projectRoot = "";
			targets = (
				3DF1E8C3222E7AE20069F717 /* ViewControllerLifeCycle */,
			);
		};
/* End PBXProject section */

/* Begin PBXResourcesBuildPhase section */
		3DF1E8C2222E7AE20069F717 /* Resources */ = {
			isa = PBXResourcesBuildPhase;
			buildActionMask = 2147483647;
			files = (
				3DF1E8D2222E7AE30069F717 /* LaunchScreen.storyboard in Resources */,
				3DF1E8CF222E7AE30069F717 /* Assets.xcassets in Resources */,
				3DF1E8CD222E7AE20069F717 /* Main.storyboard in Resources */,
			);
			runOnlyForDeploymentPostprocessing = 0;
		};
/* End PBXResourcesBuildPhase section */

/* Begin PBXSourcesBuildPhase section */
		3DF1E8C0222E7AE20069F717 /* Sources */ = {
			isa = PBXSourcesBuildPhase;
			buildActionMask = 2147483647;
			files = (
				3DF1E8DA222E7BBB0069F717 /* ViewControllerB.swift in Sources */,
				3DF1E8CA222E7AE20069F717 /* ViewController.swift in Sources */,
				3DF1E8DC222E80990069F717 /* ViewControllerC.swift in Sources */,
				3DF1E8C8222E7AE20069F717 /* AppDelegate.swift in Sources */,
			);
			runOnlyForDeploymentPostprocessing = 0;
		};
/* End PBXSourcesBuildPhase section */

/* Begin PBXVariantGroup section */
		3DF1E8CB222E7AE20069F717 /* Main.storyboard */ = {
			isa = PBXVariantGroup;
			children = (
				3DF1E8CC222E7AE20069F717 /* Base */,
			);
			name = Main.storyboard;
			sourceTree = "<group>";
		};
		3DF1E8D0222E7AE30069F717 /* LaunchScreen.storyboard */ = {
			isa = PBXVariantGroup;
			children = (
				3DF1E8D1222E7AE30069F717 /* Base */,
			);
			name = LaunchScreen.storyboard;
			sourceTree = "<group>";
		};
/* End PBXVariantGroup section */

/* Begin XCBuildConfiguration section */
		3DF1E8D4222E7AE30069F717 /* Debug */ = {
			isa = XCBuildConfiguration;
			buildSettings = {
				ALWAYS_SEARCH_USER_PATHS = NO;
				CLANG_ANALYZER_NONNULL = YES;
				CLANG_ANALYZER_NUMBER_OBJECT_CONVERSION = YES_AGGRESSIVE;
				CLANG_CXX_LANGUAGE_STANDARD = "gnu++14";
				CLANG_CXX_LIBRARY = "libc++";
				CLANG_ENABLE_MODULES = YES;
				CLANG_ENABLE_OBJC_ARC = YES;
				CLANG_ENABLE_OBJC_WEAK = YES;
				CLANG_WARN_BLOCK_CAPTURE_AUTORELEASING = YES;
				CLANG_WARN_BOOL_CONVERSION = YES;
				CLANG_WARN_COMMA = YES;
				CLANG_WARN_CONSTANT_CONVERSION = YES;
				CLANG_WARN_DEPRECATED_OBJC_IMPLEMENTATIONS = YES;
				CLANG_WARN_DIRECT_OBJC_ISA_USAGE = YES_ERROR;
				CLANG_WARN_DOCUMENTATION_COMMENTS = YES;
				CLANG_WARN_EMPTY_BODY = YES;
				CLANG_WARN_ENUM_CONVERSION = YES;
				CLANG_WARN_INFINITE_RECURSION = YES;
				CLANG_WARN_INT_CONVERSION = YES;
				CLANG_WARN_NON_LITERAL_NULL_CONVERSION = YES;
				CLANG_WARN_OBJC_IMPLICIT_RETAIN_SELF = YES;
				CLANG_WARN_OBJC_LITERAL_CONVERSION = YES;
				CLANG_WARN_OBJC_ROOT_CLASS = YES_ERROR;
				CLANG_WARN_RANGE_LOOP_ANALYSIS = YES;
				CLANG_WARN_STRICT_PROTOTYPES = YES;
				CLANG_WARN_SUSPICIOUS_MOVE = YES;
				CLANG_WARN_UNGUARDED_AVAILABILITY = YES_AGGRESSIVE;
				CLANG_WARN_UNREACHABLE_CODE = YES;
				CLANG_WARN__DUPLICATE_METHOD_MATCH = YES;
				CODE_SIGN_IDENTITY = "iPhone Developer";
				COPY_PHASE_STRIP = NO;
				DEBUG_INFORMATION_FORMAT = dwarf;
				ENABLE_STRICT_OBJC_MSGSEND = YES;
				ENABLE_TESTABILITY = YES;
				GCC_C_LANGUAGE_STANDARD = gnu11;
				GCC_DYNAMIC_NO_PIC = NO;
				GCC_NO_COMMON_BLOCKS = YES;
				GCC_OPTIMIZATION_LEVEL = 0;
				GCC_PREPROCESSOR_DEFINITIONS = (
					"DEBUG=1",
					"$(inherited)",
				);
				GCC_WARN_64_TO_32_BIT_CONVERSION = YES;
				GCC_WARN_ABOUT_RETURN_TYPE = YES_ERROR;
				GCC_WARN_UNDECLARED_SELECTOR = YES;
				GCC_WARN_UNINITIALIZED_AUTOS = YES_AGGRESSIVE;
				GCC_WARN_UNUSED_FUNCTION = YES;
				GCC_WARN_UNUSED_VARIABLE = YES;
				IPHONEOS_DEPLOYMENT_TARGET = 12.1;
				MTL_ENABLE_DEBUG_INFO = INCLUDE_SOURCE;
				MTL_FAST_MATH = YES;
				ONLY_ACTIVE_ARCH = YES;
				SDKROOT = iphoneos;
				SWIFT_ACTIVE_COMPILATION_CONDITIONS = DEBUG;
				SWIFT_OPTIMIZATION_LEVEL = "-Onone";
			};
			name = Debug;
		};
		3DF1E8D5222E7AE30069F717 /* Release */ = {
			isa = XCBuildConfiguration;
			buildSettings = {
				ALWAYS_SEARCH_USER_PATHS = NO;
				CLANG_ANALYZER_NONNULL = YES;
				CLANG_ANALYZER_NUMBER_OBJECT_CONVERSION = YES_AGGRESSIVE;
				CLANG_CXX_LANGUAGE_STANDARD = "gnu++14";
				CLANG_CXX_LIBRARY = "libc++";
				CLANG_ENABLE_MODULES = YES;
				CLANG_ENABLE_OBJC_ARC = YES;
				CLANG_ENABLE_OBJC_WEAK = YES;
				CLANG_WARN_BLOCK_CAPTURE_AUTORELEASING = YES;
				CLANG_WARN_BOOL_CONVERSION = YES;
				CLANG_WARN_COMMA = YES;
				CLANG_WARN_CONSTANT_CONVERSION = YES;
				CLANG_WARN_DEPRECATED_OBJC_IMPLEMENTATIONS = YES;
				CLANG_WARN_DIRECT_OBJC_ISA_USAGE = YES_ERROR;
				CLANG_WARN_DOCUMENTATION_COMMENTS = YES;
				CLANG_WARN_EMPTY_BODY = YES;
				CLANG_WARN_ENUM_CONVERSION = YES;
				CLANG_WARN_INFINITE_RECURSION = YES;
				CLANG_WARN_INT_CONVERSION = YES;
				CLANG_WARN_NON_LITERAL_NULL_CONVERSION = YES;
				CLANG_WARN_OBJC_IMPLICIT_RETAIN_SELF = YES;
				CLANG_WARN_OBJC_LITERAL_CONVERSION = YES;
				CLANG_WARN_OBJC_ROOT_CLASS = YES_ERROR;
				CLANG_WARN_RANGE_LOOP_ANALYSIS = YES;
				CLANG_WARN_STRICT_PROTOTYPES = YES;
				CLANG_WARN_SUSPICIOUS_MOVE = YES;
				CLANG_WARN_UNGUARDED_AVAILABILITY = YES_AGGRESSIVE;
				CLANG_WARN_UNREACHABLE_CODE = YES;
				CLANG_WARN__DUPLICATE_METHOD_MATCH = YES;
				CODE_SIGN_IDENTITY = "iPhone Developer";
				COPY_PHASE_STRIP = NO;
				DEBUG_INFORMATION_FORMAT = "dwarf-with-dsym";
				ENABLE_NS_ASSERTIONS = NO;
				ENABLE_STRICT_OBJC_MSGSEND = YES;
				GCC_C_LANGUAGE_STANDARD = gnu11;
				GCC_NO_COMMON_BLOCKS = YES;
				GCC_WARN_64_TO_32_BIT_CONVERSION = YES;
				GCC_WARN_ABOUT_RETURN_TYPE = YES_ERROR;
				GCC_WARN_UNDECLARED_SELECTOR = YES;
				GCC_WARN_UNINITIALIZED_AUTOS = YES_AGGRESSIVE;
				GCC_WARN_UNUSED_FUNCTION = YES;
				GCC_WARN_UNUSED_VARIABLE = YES;
				IPHONEOS_DEPLOYMENT_TARGET = 12.1;
				MTL_ENABLE_DEBUG_INFO = NO;
				MTL_FAST_MATH = YES;
				SDKROOT = iphoneos;
				SWIFT_COMPILATION_MODE = wholemodule;
				SWIFT_OPTIMIZATION_LEVEL = "-O";
				VALIDATE_PRODUCT = YES;
			};
			name = Release;
		};
		3DF1E8D7222E7AE30069F717 /* Debug */ = {
			isa = XCBuildConfiguration;
			buildSettings = {
				ASSETCATALOG_COMPILER_APPICON_NAME = AppIcon;
				CODE_SIGN_STYLE = Automatic;
				DEVELOPMENT_TEAM = U6NYHGXWZ2;
				INFOPLIST_FILE = ViewControllerLifeCycle/Info.plist;
				LD_RUNPATH_SEARCH_PATHS = (
					"$(inherited)",
					"@executable_path/Frameworks",
				);
				PRODUCT_BUNDLE_IDENTIFIER = vishal.ViewControllerLifeCycle;
				PRODUCT_NAME = "$(TARGET_NAME)";
				SWIFT_VERSION = 4.2;
				TARGETED_DEVICE_FAMILY = "1,2";
			};
			name = Debug;
		};
		3DF1E8D8222E7AE30069F717 /* Release */ = {
			isa = XCBuildConfiguration;
			buildSettings = {
				ASSETCATALOG_COMPILER_APPICON_NAME = AppIcon;
				CODE_SIGN_STYLE = Automatic;
				DEVELOPMENT_TEAM = U6NYHGXWZ2;
				INFOPLIST_FILE = ViewControllerLifeCycle/Info.plist;
				LD_RUNPATH_SEARCH_PATHS = (
					"$(inherited)",
					"@executable_path/Frameworks",
				);
				PRODUCT_BUNDLE_IDENTIFIER = vishal.ViewControllerLifeCycle;
				PRODUCT_NAME = "$(TARGET_NAME)";
				SWIFT_VERSION = 4.2;
				TARGETED_DEVICE_FAMILY = "1,2";
			};
			name = Release;
		};
/* End XCBuildConfiguration section */

/* Begin XCConfigurationList section */
		3DF1E8BF222E7AE20069F717 /* Build configuration list for PBXProject "ViewControllerLifeCycle" */ = {
			isa = XCConfigurationList;
			buildConfigurations = (
				3DF1E8D4222E7AE30069F717 /* Debug */,
				3DF1E8D5222E7AE30069F717 /* Release */,
			);
			defaultConfigurationIsVisible = 0;
			defaultConfigurationName = Release;
		};
		3DF1E8D6222E7AE30069F717 /* Build configuration list for PBXNativeTarget "ViewControllerLifeCycle" */ = {
			isa = XCConfigurationList;
			buildConfigurations = (
				3DF1E8D7222E7AE30069F717 /* Debug */,
				3DF1E8D8222E7AE30069F717 /* Release */,
			);
			defaultConfigurationIsVisible = 0;
			defaultConfigurationName = Release;
		};
/* End XCConfigurationList section */
	};
	rootObject = 3DF1E8BC222E7AE20069F717 /* Project object */;
}
